
Microsoft Visual Studio Solution File, Format Version 12.00
# Visual Studio Version 17
VisualStudioVersion = 17.10.35027.167
MinimumVisualStudioVersion = 10.0.40219.1
Project("{FAE04EC0-301F-11D3-BF4B-00C04F79EFBC}") = "SingleternPattern", "SingleternPattern.csproj", "{59C64AEB-621D-493D-AEE5-F9221F5E4ADD}"
EndProject
Global
	GlobalSection(SolutionConfigurationPlatforms) = preSolution
		Debug|Any CPU = Debug|Any CPU
		Release|Any CPU = Release|Any CPU
	EndGlobalSection
	GlobalSection(ProjectConfigurationPlatforms) = postSolution
		{59C64AEB-621D-493D-AEE5-F9221F5E4ADD}.Debug|Any CPU.ActiveCfg = Debug|Any CPU
		{59C64AEB-621D-493D-AEE5-F9221F5E4ADD}.Debug|Any CPU.Build.0 = Debug|Any CPU
		{59C64AEB-621D-493D-AEE5-F9221F5E4ADD}.Release|Any CPU.ActiveCfg = Release|Any CPU
		{59C64AEB-621D-493D-AEE5-F9221F5E4ADD}.Release|Any CPU.Build.0 = Release|Any CPU
	EndGlobalSection
	GlobalSection(SolutionProperties) = preSolution
		HideSolutionNode = FALSE
	EndGlobalSection
	GlobalSection(ExtensibilityGlobals) = postSolution
		SolutionGuid = {3877B4B6-48E4-4AEF-971B-0B0C47838F60}
	EndGlobalSection
EndGlobal
